
Microsoft Visual Studio Solution File, Format Version 12.00
# Visual Studio Version 16
VisualStudioVersion = 16.0.29326.143
MinimumVisualStudioVersion = 10.0.40219.1
Project("{FAE04EC0-301F-11D3-BF4B-00C04F79EFBC}") = "LadyInRed", "LadyInRed\LadyInRed.csproj", "{7891A271-5880-49CF-8CA5-88AF5AD2CA1E}"
EndProject
Global
	GlobalSection(SolutionConfigurationPlatforms) = preSolution
		Debug|Any CPU = Debug|Any CPU
		Release|Any CPU = Release|Any CPU
	EndGlobalSection
	GlobalSection(ProjectConfigurationPlatforms) = postSolution
		{7891A271-5880-49CF-8CA5-88AF5AD2CA1E}.Debug|Any CPU.ActiveCfg = Debug|Any CPU
		{7891A271-5880-49CF-8CA5-88AF5AD2CA1E}.Debug|Any CPU.Build.0 = Debug|Any CPU
		{7891A271-5880-49CF-8CA5-88AF5AD2CA1E}.Release|Any CPU.ActiveCfg = Release|Any CPU
		{7891A271-5880-49CF-8CA5-88AF5AD2CA1E}.Release|Any CPU.Build.0 = Release|Any CPU
	EndGlobalSection
	GlobalSection(SolutionProperties) = preSolution
		HideSolutionNode = FALSE
	EndGlobalSection
	GlobalSection(ExtensibilityGlobals) = postSolution
		SolutionGuid = {9B61AF91-7BA7-4A08-8E8A-5D71DBC02102}
	EndGlobalSection
EndGlobal
